{
  "name": "votify-frontend",
  "lockfileVersion": 3,
  "requires": true,
  "packages": {
    "": {
      "devDependencies": {
        "typescript": "^5.6.0-dev.20240811"
      }
    },
    "node_modules/typescript": {
      "version": "5.6.0-dev.20240811",
      "resolved": "https://registry.npmjs.org/typescript/-/typescript-5.6.0-dev.20240811.tgz",
      "integrity": "sha512-+vAe1vHwzxr6s3eb/nz86lOBvZE0v2DmTPESd7GS6ffUbAt1g2cE/1X+X98czFgov6Dh49LVaftAVoTBCfSMBQ==",
      "dev": true,
      "bin": {
        "tsc": "bin/tsc",
        "tsserver": "bin/tsserver"
      },
      "engines": {
        "node": ">=14.17"
      }
    }
  }
}
